
Microsoft Visual Studio Solution File, Format Version 12.00
# Visual Studio Version 17
VisualStudioVersion = 17.9.34902.65
MinimumVisualStudioVersion = 10.0.40219.1
Project("{FAE04EC0-301F-11D3-BF4B-00C04F79EFBC}") = "longestSequence", "longestSequence\longestSequence.csproj", "{55BFF3F1-46E2-48D8-A096-BF50E67C1906}"
EndProject
Project("{FAE04EC0-301F-11D3-BF4B-00C04F79EFBC}") = "anagrams", "anagrams\anagrams.csproj", "{06C253FC-A584-4E5B-9A3C-FFC29C0EAE2E}"
EndProject
Project("{FAE04EC0-301F-11D3-BF4B-00C04F79EFBC}") = "starPyramid", "starPyramid\starPyramid.csproj", "{83C587D3-7EDB-4B73-B2BB-83F1E6C7B407}"
EndProject
Project("{FAE04EC0-301F-11D3-BF4B-00C04F79EFBC}") = "starDiamond", "starDiamond\starDiamond.csproj", "{633AD90B-6487-4041-AA25-0F0A1C2AF470}"
EndProject
Project("{FAE04EC0-301F-11D3-BF4B-00C04F79EFBC}") = "stringReversal", "stringReversal\stringReversal.csproj", "{07E7DF00-CE79-4009-BA6A-999BD53E0DF1}"
EndProject
Project("{FAE04EC0-301F-11D3-BF4B-00C04F79EFBC}") = "palindrome", "palindrome\palindrome.csproj", "{50E55332-32E2-4D7B-90F0-DB9D32397B67}"
EndProject
Global
	GlobalSection(SolutionConfigurationPlatforms) = preSolution
		Debug|Any CPU = Debug|Any CPU
		Release|Any CPU = Release|Any CPU
	EndGlobalSection
	GlobalSection(ProjectConfigurationPlatforms) = postSolution
		{55BFF3F1-46E2-48D8-A096-BF50E67C1906}.Debug|Any CPU.ActiveCfg = Debug|Any CPU
		{55BFF3F1-46E2-48D8-A096-BF50E67C1906}.Debug|Any CPU.Build.0 = Debug|Any CPU
		{55BFF3F1-46E2-48D8-A096-BF50E67C1906}.Release|Any CPU.ActiveCfg = Release|Any CPU
		{55BFF3F1-46E2-48D8-A096-BF50E67C1906}.Release|Any CPU.Build.0 = Release|Any CPU
		{06C253FC-A584-4E5B-9A3C-FFC29C0EAE2E}.Debug|Any CPU.ActiveCfg = Debug|Any CPU
		{06C253FC-A584-4E5B-9A3C-FFC29C0EAE2E}.Debug|Any CPU.Build.0 = Debug|Any CPU
		{06C253FC-A584-4E5B-9A3C-FFC29C0EAE2E}.Release|Any CPU.ActiveCfg = Release|Any CPU
		{06C253FC-A584-4E5B-9A3C-FFC29C0EAE2E}.Release|Any CPU.Build.0 = Release|Any CPU
		{83C587D3-7EDB-4B73-B2BB-83F1E6C7B407}.Debug|Any CPU.ActiveCfg = Debug|Any CPU
		{83C587D3-7EDB-4B73-B2BB-83F1E6C7B407}.Debug|Any CPU.Build.0 = Debug|Any CPU
		{83C587D3-7EDB-4B73-B2BB-83F1E6C7B407}.Release|Any CPU.ActiveCfg = Release|Any CPU
		{83C587D3-7EDB-4B73-B2BB-83F1E6C7B407}.Release|Any CPU.Build.0 = Release|Any CPU
		{633AD90B-6487-4041-AA25-0F0A1C2AF470}.Debug|Any CPU.ActiveCfg = Debug|Any CPU
		{633AD90B-6487-4041-AA25-0F0A1C2AF470}.Debug|Any CPU.Build.0 = Debug|Any CPU
		{633AD90B-6487-4041-AA25-0F0A1C2AF470}.Release|Any CPU.ActiveCfg = Release|Any CPU
		{633AD90B-6487-4041-AA25-0F0A1C2AF470}.Release|Any CPU.Build.0 = Release|Any CPU
		{07E7DF00-CE79-4009-BA6A-999BD53E0DF1}.Debug|Any CPU.ActiveCfg = Debug|Any CPU
		{07E7DF00-CE79-4009-BA6A-999BD53E0DF1}.Debug|Any CPU.Build.0 = Debug|Any CPU
		{07E7DF00-CE79-4009-BA6A-999BD53E0DF1}.Release|Any CPU.ActiveCfg = Release|Any CPU
		{07E7DF00-CE79-4009-BA6A-999BD53E0DF1}.Release|Any CPU.Build.0 = Release|Any CPU
		{50E55332-32E2-4D7B-90F0-DB9D32397B67}.Debug|Any CPU.ActiveCfg = Debug|Any CPU
		{50E55332-32E2-4D7B-90F0-DB9D32397B67}.Debug|Any CPU.Build.0 = Debug|Any CPU
		{50E55332-32E2-4D7B-90F0-DB9D32397B67}.Release|Any CPU.ActiveCfg = Release|Any CPU
		{50E55332-32E2-4D7B-90F0-DB9D32397B67}.Release|Any CPU.Build.0 = Release|Any CPU
	EndGlobalSection
	GlobalSection(SolutionProperties) = preSolution
		HideSolutionNode = FALSE
	EndGlobalSection
	GlobalSection(ExtensibilityGlobals) = postSolution
		SolutionGuid = {F880CF0E-A4FF-4F83-A1CF-4FCEC556371E}
	EndGlobalSection
EndGlobal
