
Microsoft Visual Studio Solution File, Format Version 12.00
# Visual Studio Version 17
VisualStudioVersion = 17.9.34902.65
MinimumVisualStudioVersion = 10.0.40219.1
Project("{FAE04EC0-301F-11D3-BF4B-00C04F79EFBC}") = "longestSequence", "longestSequence\longestSequence.csproj", "{55BFF3F1-46E2-48D8-A096-BF50E67C1906}"
EndProject
Project("{FAE04EC0-301F-11D3-BF4B-00C04F79EFBC}") = "anagrams", "anagrams\anagrams.csproj", "{06C253FC-A584-4E5B-9A3C-FFC29C0EAE2E}"
EndProject
Project("{FAE04EC0-301F-11D3-BF4B-00C04F79EFBC}") = "starPyramid", "starPyramid\starPyramid.csproj", "{83C587D3-7EDB-4B73-B2BB-83F1E6C7B407}"
EndProject
Project("{FAE04EC0-301F-11D3-BF4B-00C04F79EFBC}") = "starDiamond", "starDiamond\starDiamond.csproj", "{633AD90B-6487-4041-AA25-0F0A1C2AF470}"
EndProject
Project("{FAE04EC0-301F-11D3-BF4B-00C04F79EFBC}") = "stringReversal", "stringReversal\stringReversal.csproj", "{07E7DF00-CE79-4009-BA6A-999BD53E0DF1}"
EndProject
Project("{FAE04EC0-301F-11D3-BF4B-00C04F79EFBC}") = "palindrome", "palindrome\palindrome.csproj", "{50E55332-32E2-4D7B-90F0-DB9D32397B67}"
EndProject
Project("{FAE04EC0-301F-11D3-BF4B-00C04F79EFBC}") = "sumDigits", "sumDigits\sumDigits.csproj", "{371E1331-61C3-4E79-B5B9-8082DE2C8AB8}"
EndProject
Project("{FAE04EC0-301F-11D3-BF4B-00C04F79EFBC}") = "twoSums", "twoSums\twoSums.csproj", "{23C5BE44-8070-4ECE-94EE-E8CC4CD67149}"
EndProject
Project("{FAE04EC0-301F-11D3-BF4B-00C04F79EFBC}") = "nthPrime", "nthPrime\nthPrime.csproj", "{F298638E-6D97-4CC3-BB3F-715F5C04C1DE}"
EndProject
Project("{FAE04EC0-301F-11D3-BF4B-00C04F79EFBC}") = "nextPrime", "nextPrime\nextPrime.csproj", "{13323DD8-F524-4DE4-9EF7-9D3491BA38CC}"
EndProject
Project("{FAE04EC0-301F-11D3-BF4B-00C04F79EFBC}") = "String1", "String1\String1.csproj", "{D8C245F2-CF45-4237-8C7C-8B119DC2E82A}"
EndProject
Project("{FAE04EC0-301F-11D3-BF4B-00C04F79EFBC}") = "string2", "string2\string2.csproj", "{509E3642-3FED-4358-8749-221C2ECE0A8A}"
EndProject
Project("{FAE04EC0-301F-11D3-BF4B-00C04F79EFBC}") = "string3", "string3\string3.csproj", "{3B0580EB-E895-4C5F-8CFD-8B9D5FCFE70C}"
EndProject
Project("{FAE04EC0-301F-11D3-BF4B-00C04F79EFBC}") = "array1", "array1\array1.csproj", "{C6B15D8B-36EF-4E16-A6C8-33CCF8158608}"
EndProject
Project("{FAE04EC0-301F-11D3-BF4B-00C04F79EFBC}") = "array2", "array2\array2.csproj", "{30A8ED4F-6D18-4487-9BBD-3D7F21F06AA9}"
EndProject
Global
	GlobalSection(SolutionConfigurationPlatforms) = preSolution
		Debug|Any CPU = Debug|Any CPU
		Release|Any CPU = Release|Any CPU
	EndGlobalSection
	GlobalSection(ProjectConfigurationPlatforms) = postSolution
		{55BFF3F1-46E2-48D8-A096-BF50E67C1906}.Debug|Any CPU.ActiveCfg = Debug|Any CPU
		{55BFF3F1-46E2-48D8-A096-BF50E67C1906}.Debug|Any CPU.Build.0 = Debug|Any CPU
		{55BFF3F1-46E2-48D8-A096-BF50E67C1906}.Release|Any CPU.ActiveCfg = Release|Any CPU
		{55BFF3F1-46E2-48D8-A096-BF50E67C1906}.Release|Any CPU.Build.0 = Release|Any CPU
		{06C253FC-A584-4E5B-9A3C-FFC29C0EAE2E}.Debug|Any CPU.ActiveCfg = Debug|Any CPU
		{06C253FC-A584-4E5B-9A3C-FFC29C0EAE2E}.Debug|Any CPU.Build.0 = Debug|Any CPU
		{06C253FC-A584-4E5B-9A3C-FFC29C0EAE2E}.Release|Any CPU.ActiveCfg = Release|Any CPU
		{06C253FC-A584-4E5B-9A3C-FFC29C0EAE2E}.Release|Any CPU.Build.0 = Release|Any CPU
		{83C587D3-7EDB-4B73-B2BB-83F1E6C7B407}.Debug|Any CPU.ActiveCfg = Debug|Any CPU
		{83C587D3-7EDB-4B73-B2BB-83F1E6C7B407}.Debug|Any CPU.Build.0 = Debug|Any CPU
		{83C587D3-7EDB-4B73-B2BB-83F1E6C7B407}.Release|Any CPU.ActiveCfg = Release|Any CPU
		{83C587D3-7EDB-4B73-B2BB-83F1E6C7B407}.Release|Any CPU.Build.0 = Release|Any CPU
		{633AD90B-6487-4041-AA25-0F0A1C2AF470}.Debug|Any CPU.ActiveCfg = Debug|Any CPU
		{633AD90B-6487-4041-AA25-0F0A1C2AF470}.Debug|Any CPU.Build.0 = Debug|Any CPU
		{633AD90B-6487-4041-AA25-0F0A1C2AF470}.Release|Any CPU.ActiveCfg = Release|Any CPU
		{633AD90B-6487-4041-AA25-0F0A1C2AF470}.Release|Any CPU.Build.0 = Release|Any CPU
		{07E7DF00-CE79-4009-BA6A-999BD53E0DF1}.Debug|Any CPU.ActiveCfg = Debug|Any CPU
		{07E7DF00-CE79-4009-BA6A-999BD53E0DF1}.Debug|Any CPU.Build.0 = Debug|Any CPU
		{07E7DF00-CE79-4009-BA6A-999BD53E0DF1}.Release|Any CPU.ActiveCfg = Release|Any CPU
		{07E7DF00-CE79-4009-BA6A-999BD53E0DF1}.Release|Any CPU.Build.0 = Release|Any CPU
		{50E55332-32E2-4D7B-90F0-DB9D32397B67}.Debug|Any CPU.ActiveCfg = Debug|Any CPU
		{50E55332-32E2-4D7B-90F0-DB9D32397B67}.Debug|Any CPU.Build.0 = Debug|Any CPU
		{50E55332-32E2-4D7B-90F0-DB9D32397B67}.Release|Any CPU.ActiveCfg = Release|Any CPU
		{50E55332-32E2-4D7B-90F0-DB9D32397B67}.Release|Any CPU.Build.0 = Release|Any CPU
		{371E1331-61C3-4E79-B5B9-8082DE2C8AB8}.Debug|Any CPU.ActiveCfg = Debug|Any CPU
		{371E1331-61C3-4E79-B5B9-8082DE2C8AB8}.Debug|Any CPU.Build.0 = Debug|Any CPU
		{371E1331-61C3-4E79-B5B9-8082DE2C8AB8}.Release|Any CPU.ActiveCfg = Release|Any CPU
		{371E1331-61C3-4E79-B5B9-8082DE2C8AB8}.Release|Any CPU.Build.0 = Release|Any CPU
		{23C5BE44-8070-4ECE-94EE-E8CC4CD67149}.Debug|Any CPU.ActiveCfg = Debug|Any CPU
		{23C5BE44-8070-4ECE-94EE-E8CC4CD67149}.Debug|Any CPU.Build.0 = Debug|Any CPU
		{23C5BE44-8070-4ECE-94EE-E8CC4CD67149}.Release|Any CPU.ActiveCfg = Release|Any CPU
		{23C5BE44-8070-4ECE-94EE-E8CC4CD67149}.Release|Any CPU.Build.0 = Release|Any CPU
		{F298638E-6D97-4CC3-BB3F-715F5C04C1DE}.Debug|Any CPU.ActiveCfg = Debug|Any CPU
		{F298638E-6D97-4CC3-BB3F-715F5C04C1DE}.Debug|Any CPU.Build.0 = Debug|Any CPU
		{F298638E-6D97-4CC3-BB3F-715F5C04C1DE}.Release|Any CPU.ActiveCfg = Release|Any CPU
		{F298638E-6D97-4CC3-BB3F-715F5C04C1DE}.Release|Any CPU.Build.0 = Release|Any CPU
		{13323DD8-F524-4DE4-9EF7-9D3491BA38CC}.Debug|Any CPU.ActiveCfg = Debug|Any CPU
		{13323DD8-F524-4DE4-9EF7-9D3491BA38CC}.Debug|Any CPU.Build.0 = Debug|Any CPU
		{13323DD8-F524-4DE4-9EF7-9D3491BA38CC}.Release|Any CPU.ActiveCfg = Release|Any CPU
		{13323DD8-F524-4DE4-9EF7-9D3491BA38CC}.Release|Any CPU.Build.0 = Release|Any CPU
		{D8C245F2-CF45-4237-8C7C-8B119DC2E82A}.Debug|Any CPU.ActiveCfg = Debug|Any CPU
		{D8C245F2-CF45-4237-8C7C-8B119DC2E82A}.Debug|Any CPU.Build.0 = Debug|Any CPU
		{D8C245F2-CF45-4237-8C7C-8B119DC2E82A}.Release|Any CPU.ActiveCfg = Release|Any CPU
		{D8C245F2-CF45-4237-8C7C-8B119DC2E82A}.Release|Any CPU.Build.0 = Release|Any CPU
		{509E3642-3FED-4358-8749-221C2ECE0A8A}.Debug|Any CPU.ActiveCfg = Debug|Any CPU
		{509E3642-3FED-4358-8749-221C2ECE0A8A}.Debug|Any CPU.Build.0 = Debug|Any CPU
		{509E3642-3FED-4358-8749-221C2ECE0A8A}.Release|Any CPU.ActiveCfg = Release|Any CPU
		{509E3642-3FED-4358-8749-221C2ECE0A8A}.Release|Any CPU.Build.0 = Release|Any CPU
		{3B0580EB-E895-4C5F-8CFD-8B9D5FCFE70C}.Debug|Any CPU.ActiveCfg = Debug|Any CPU
		{3B0580EB-E895-4C5F-8CFD-8B9D5FCFE70C}.Debug|Any CPU.Build.0 = Debug|Any CPU
		{3B0580EB-E895-4C5F-8CFD-8B9D5FCFE70C}.Release|Any CPU.ActiveCfg = Release|Any CPU
		{3B0580EB-E895-4C5F-8CFD-8B9D5FCFE70C}.Release|Any CPU.Build.0 = Release|Any CPU
		{C6B15D8B-36EF-4E16-A6C8-33CCF8158608}.Debug|Any CPU.ActiveCfg = Debug|Any CPU
		{C6B15D8B-36EF-4E16-A6C8-33CCF8158608}.Debug|Any CPU.Build.0 = Debug|Any CPU
		{C6B15D8B-36EF-4E16-A6C8-33CCF8158608}.Release|Any CPU.ActiveCfg = Release|Any CPU
		{C6B15D8B-36EF-4E16-A6C8-33CCF8158608}.Release|Any CPU.Build.0 = Release|Any CPU
		{30A8ED4F-6D18-4487-9BBD-3D7F21F06AA9}.Debug|Any CPU.ActiveCfg = Debug|Any CPU
		{30A8ED4F-6D18-4487-9BBD-3D7F21F06AA9}.Debug|Any CPU.Build.0 = Debug|Any CPU
		{30A8ED4F-6D18-4487-9BBD-3D7F21F06AA9}.Release|Any CPU.ActiveCfg = Release|Any CPU
		{30A8ED4F-6D18-4487-9BBD-3D7F21F06AA9}.Release|Any CPU.Build.0 = Release|Any CPU
	EndGlobalSection
	GlobalSection(SolutionProperties) = preSolution
		HideSolutionNode = FALSE
	EndGlobalSection
	GlobalSection(ExtensibilityGlobals) = postSolution
		SolutionGuid = {F880CF0E-A4FF-4F83-A1CF-4FCEC556371E}
	EndGlobalSection
EndGlobal
